
Microsoft Visual Studio Solution File, Format Version 12.00
# Visual Studio Version 16
VisualStudioVersion = 16.0.30717.126
MinimumVisualStudioVersion = 10.0.40219.1
Project("{9A19103F-16F7-4668-BE54-9A1E7A4F7556}") = "SimpleADO", "SimpleADO.csproj", "{93183089-565F-4D4D-8135-503EF227FD94}"
EndProject
Project("{FAE04EC0-301F-11D3-BF4B-00C04F79EFBC}") = "SimpleADOCore", "..\SimpleADOCore\SimpleADOCore.csproj", "{AC1E0907-F8E6-47D0-AA2D-DD734652CE64}"
EndProject
Global
	GlobalSection(SolutionConfigurationPlatforms) = preSolution
		Debug|Any CPU = Debug|Any CPU
		Release|Any CPU = Release|Any CPU
	EndGlobalSection
	GlobalSection(ProjectConfigurationPlatforms) = postSolution
		{93183089-565F-4D4D-8135-503EF227FD94}.Debug|Any CPU.ActiveCfg = Debug|Any CPU
		{93183089-565F-4D4D-8135-503EF227FD94}.Debug|Any CPU.Build.0 = Debug|Any CPU
		{93183089-565F-4D4D-8135-503EF227FD94}.Release|Any CPU.ActiveCfg = Release|Any CPU
		{93183089-565F-4D4D-8135-503EF227FD94}.Release|Any CPU.Build.0 = Release|Any CPU
		{AC1E0907-F8E6-47D0-AA2D-DD734652CE64}.Debug|Any CPU.ActiveCfg = Debug|Any CPU
		{AC1E0907-F8E6-47D0-AA2D-DD734652CE64}.Debug|Any CPU.Build.0 = Debug|Any CPU
		{AC1E0907-F8E6-47D0-AA2D-DD734652CE64}.Release|Any CPU.ActiveCfg = Release|Any CPU
		{AC1E0907-F8E6-47D0-AA2D-DD734652CE64}.Release|Any CPU.Build.0 = Release|Any CPU
	EndGlobalSection
	GlobalSection(SolutionProperties) = preSolution
		HideSolutionNode = FALSE
	EndGlobalSection
	GlobalSection(ExtensibilityGlobals) = postSolution
		SolutionGuid = {39100A33-0D3E-4EFD-821E-BC58067909F8}
	EndGlobalSection
EndGlobal
